Microsoft Visual Studio Solution File, Format Version 12.00
# Visual Studio 2012
Project("{FAE04EC0-301F-11D3-BF4B-00C04F79EFBC}") = "Candy Dragon", "Candy Dragon.csproj", "{F6B53EAA-F320-4BA1-A130-0F7EDF3A5FF1}"
EndProject
Global
	GlobalSection(SolutionConfigurationPlatforms) = preSolution
	Debug|Any CPU = Debug|Any CPU
	Release|Any CPU = Release|Any CPU
	Tools|Any CPU = Tools|Any CPU
	EndGlobalSection
	GlobalSection(ProjectConfigurationPlatforms) = postSolution
		{F6B53EAA-F320-4BA1-A130-0F7EDF3A5FF1}.Debug|Any CPU.ActiveCfg = Debug|Any CPU
		{F6B53EAA-F320-4BA1-A130-0F7EDF3A5FF1}.Debug|Any CPU.Build.0 = Debug|Any CPU
		{F6B53EAA-F320-4BA1-A130-0F7EDF3A5FF1}.Release|Any CPU.ActiveCfg = Release|Any CPU
		{F6B53EAA-F320-4BA1-A130-0F7EDF3A5FF1}.Release|Any CPU.Build.0 = Release|Any CPU
		{F6B53EAA-F320-4BA1-A130-0F7EDF3A5FF1}.Tools|Any CPU.ActiveCfg = Tools|Any CPU
		{F6B53EAA-F320-4BA1-A130-0F7EDF3A5FF1}.Tools|Any CPU.Build.0 = Tools|Any CPU
	EndGlobalSection
EndGlobal
